
Microsoft Visual Studio Solution File, Format Version 12.00
# Visual Studio Version 16
VisualStudioVersion = 16.0.29418.71
MinimumVisualStudioVersion = 10.0.40219.1
Project("{FAE04EC0-301F-11D3-BF4B-00C04F79EFBC}") = "MyWebApp", "MyWebApp\MyWebApp.csproj", "{C4C9B70F-7796-447B-A2AB-570278CA6FB9}"
EndProject
Global
	GlobalSection(SolutionConfigurationPlatforms) = preSolution
		Debug|Any CPU = Debug|Any CPU
		Release|Any CPU = Release|Any CPU
	EndGlobalSection
	GlobalSection(ProjectConfigurationPlatforms) = postSolution
		{C4C9B70F-7796-447B-A2AB-570278CA6FB9}.Debug|Any CPU.ActiveCfg = Debug|Any CPU
		{C4C9B70F-7796-447B-A2AB-570278CA6FB9}.Debug|Any CPU.Build.0 = Debug|Any CPU
		{C4C9B70F-7796-447B-A2AB-570278CA6FB9}.Release|Any CPU.ActiveCfg = Release|Any CPU
		{C4C9B70F-7796-447B-A2AB-570278CA6FB9}.Release|Any CPU.Build.0 = Release|Any CPU
	EndGlobalSection
	GlobalSection(SolutionProperties) = preSolution
		HideSolutionNode = FALSE
	EndGlobalSection
	GlobalSection(ExtensibilityGlobals) = postSolution
		SolutionGuid = {5653E51E-C05C-4563-A73D-D297E0FCA2C4}
	EndGlobalSection
EndGlobal
